// !$*UTF8*$!
{
	archiveVersion = 1;
	classes = {
	};
	objectVersion = 50;
	objects = {

/* Begin PBXBuildFile section */
		2D27FF0221CF61890003FBF7 /* WelcomeViewController.swift in Sources */ = {isa = PBXBuildFile; fileRef = 2D27FEFB21CF61880003FBF7 /* WelcomeViewController.swift */; };
		2D27FF0321CF61890003FBF7 /* RegisterViewController.swift in Sources */ = {isa = PBXBuildFile; fileRef = 2D27FEFC21CF61880003FBF7 /* RegisterViewController.swift */; };
		2D27FF0421CF61890003FBF7 /* LogInViewController.swift in Sources */ = {isa = PBXBuildFile; fileRef = 2D27FEFD21CF61890003FBF7 /* LogInViewController.swift */; };
		2D27FF0521CF61890003FBF7 /* WalletViewController.swift in Sources */ = {isa = PBXBuildFile; fileRef = 2D27FEFE21CF61890003FBF7 /* WalletViewController.swift */; };
		2D27FF0621CF61890003FBF7 /* SettingsViewController.swift in Sources */ = {isa = PBXBuildFile; fileRef = 2D27FEFF21CF61890003FBF7 /* SettingsViewController.swift */; };
		2D27FF0821CF61890003FBF7 /* RedeemCategoryViewController.swift in Sources */ = {isa = PBXBuildFile; fileRef = 2D27FF0121CF61890003FBF7 /* RedeemCategoryViewController.swift */; };
		2D27FF0E21CF619B0003FBF7 /* DistanceCalculator.swift in Sources */ = {isa = PBXBuildFile; fileRef = 2D27FF0921CF619A0003FBF7 /* DistanceCalculator.swift */; };
		2D27FF0F21CF619B0003FBF7 /* LocationsModel.swift in Sources */ = {isa = PBXBuildFile; fileRef = 2D27FF0A21CF619A0003FBF7 /* LocationsModel.swift */; };
		2D27FF1021CF619B0003FBF7 /* Points.swift in Sources */ = {isa = PBXBuildFile; fileRef = 2D27FF0B21CF619B0003FBF7 /* Points.swift */; };
		2D27FF1121CF619B0003FBF7 /* Offer.swift in Sources */ = {isa = PBXBuildFile; fileRef = 2D27FF0C21CF619B0003FBF7 /* Offer.swift */; };
		2D27FF1221CF619B0003FBF7 /* Wallet.swift in Sources */ = {isa = PBXBuildFile; fileRef = 2D27FF0D21CF619B0003FBF7 /* Wallet.swift */; };
		2D27FF1421CF61A40003FBF7 /* AppDelegate.swift in Sources */ = {isa = PBXBuildFile; fileRef = 2D27FF1321CF61A40003FBF7 /* AppDelegate.swift */; };
		2D2FE82021D081590051977B /* GoogleService-Info.plist in Resources */ = {isa = PBXBuildFile; fileRef = 2D2FE81F21D081580051977B /* GoogleService-Info.plist */; };
		2D6970E821D002E6007352AA /* WorkoutViewController.swift in Sources */ = {isa = PBXBuildFile; fileRef = 2D6970E721D002E6007352AA /* WorkoutViewController.swift */; };
		2D6970EA21D05A39007352AA /* OfferCategory.swift in Sources */ = {isa = PBXBuildFile; fileRef = 2D6970E921D05A39007352AA /* OfferCategory.swift */; };
		2D6970EC21D05D29007352AA /* RedeemCompanyViewController.swift in Sources */ = {isa = PBXBuildFile; fileRef = 2D6970EB21D05D29007352AA /* RedeemCompanyViewController.swift */; };
		2D6970EE21D05D3C007352AA /* OfferCompany.swift in Sources */ = {isa = PBXBuildFile; fileRef = 2D6970ED21D05D3C007352AA /* OfferCompany.swift */; };
		2D6970F321D06A28007352AA /* RedeemOfferViewController.swift in Sources */ = {isa = PBXBuildFile; fileRef = 2D6970F221D06A28007352AA /* RedeemOfferViewController.swift */; };
		2DDFB7A421CF5E56005F19E6 /* Assets.xcassets in Resources */ = {isa = PBXBuildFile; fileRef = 2DDFB7A321CF5E56005F19E6 /* Assets.xcassets */; };
		2DDFB7A721CF5E56005F19E6 /* LaunchScreen.storyboard in Resources */ = {isa = PBXBuildFile; fileRef = 2DDFB7A521CF5E56005F19E6 /* LaunchScreen.storyboard */; };
		2DDFB7B221CF5E56005F19E6 /* FitcashTests.swift in Sources */ = {isa = PBXBuildFile; fileRef = 2DDFB7B121CF5E56005F19E6 /* FitcashTests.swift */; };
		2DDFB7BD21CF5E56005F19E6 /* FitcashUITests.swift in Sources */ = {isa = PBXBuildFile; fileRef = 2DDFB7BC21CF5E56005F19E6 /* FitcashUITests.swift */; };
		2DDFB7D221CF5FA6005F19E6 /* Main.storyboard in Resources */ = {isa = PBXBuildFile; fileRef = 2DDFB7D121CF5FA6005F19E6 /* Main.storyboard */; };
		3B09A37BF42219E4862F1F55 /* Pods_FitcashUITests.framework in Frameworks */ = {isa = PBXBuildFile; fileRef = 911CE41C57475043FF4D5E31 /* Pods_FitcashUITests.framework */; };
		B21FB4457B89AA0B45B6CC5B /* Pods_Fitcash.framework in Frameworks */ = {isa = PBXBuildFile; fileRef = 037BFF367A01C5FDEF39C11F /* Pods_Fitcash.framework */; };
		C98C0FEAE25EB678B9E14865 /* Pods_FitcashTests.framework in Frameworks */ = {isa = PBXBuildFile; fileRef = CAEB7670486FECCF6CAE6095 /* Pods_FitcashTests.framework */; };
/* End PBXBuildFile section */

/* Begin PBXContainerItemProxy section */
		2DDFB7AE21CF5E56005F19E6 /* PBXContainerItemProxy */ = {
			isa = PBXContainerItemProxy;
			containerPortal = 2DDFB79121CF5E54005F19E6 /* Project object */;
			proxyType = 1;
			remoteGlobalIDString = 2DDFB79821CF5E54005F19E6;
			remoteInfo = Fitcash;
		};
		2DDFB7B921CF5E56005F19E6 /* PBXContainerItemProxy */ = {
			isa = PBXContainerItemProxy;
			containerPortal = 2DDFB79121CF5E54005F19E6 /* Project object */;
			proxyType = 1;
			remoteGlobalIDString = 2DDFB79821CF5E54005F19E6;
			remoteInfo = Fitcash;
		};
/* End PBXContainerItemProxy section */

/* Begin PBXFileReference section */
		037BFF367A01C5FDEF39C11F /* Pods_Fitcash.framework */ = {isa = PBXFileReference; explicitFileType = wrapper.framework; includeInIndex = 0; path = Pods_Fitcash.framework; sourceTree = BUILT_PRODUCTS_DIR; };
		09F626E42D9E33B3FAC7B798 /* Pods-Fitcash.debug.xcconfig */ = {isa = PBXFileReference; includeInIndex = 1; lastKnownFileType = text.xcconfig; name = "Pods-Fitcash.debug.xcconfig"; path = "Pods/Target Support Files/Pods-Fitcash/Pods-Fitcash.debug.xcconfig"; sourceTree = "<group>"; };
		0EFE6B6A2062A482AAF1E69C /* Pods-FitcashUITests.debug.xcconfig */ = {isa = PBXFileReference; includeInIndex = 1; lastKnownFileType = text.xcconfig; name = "Pods-FitcashUITests.debug.xcconfig"; path = "Pods/Target Support Files/Pods-FitcashUITests/Pods-FitcashUITests.debug.xcconfig"; sourceTree = "<group>"; };
		24C6DD863EC1202D443F9A80 /* Pods-FitcashTests.debug.xcconfig */ = {isa = PBXFileReference; includeInIndex = 1; lastKnownFileType = text.xcconfig; name = "Pods-FitcashTests.debug.xcconfig"; path = "Pods/Target Support Files/Pods-FitcashTests/Pods-FitcashTests.debug.xcconfig"; sourceTree = "<group>"; };
		2D27FEFB21CF61880003FBF7 /* WelcomeViewController.swift */ = {isa = PBXFileReference; fileEncoding = 4; lastKnownFileType = sourcecode.swift; path = WelcomeViewController.swift; sourceTree = "<group>"; };
		2D27FEFC21CF61880003FBF7 /* RegisterViewController.swift */ = {isa = PBXFileReference; fileEncoding = 4; lastKnownFileType = sourcecode.swift; path = RegisterViewController.swift; sourceTree = "<group>"; };
		2D27FEFD21CF61890003FBF7 /* LogInViewController.swift */ = {isa = PBXFileReference; fileEncoding = 4; lastKnownFileType = sourcecode.swift; path = LogInViewController.swift; sourceTree = "<group>"; };
		2D27FEFE21CF61890003FBF7 /* WalletViewController.swift */ = {isa = PBXFileReference; fileEncoding = 4; lastKnownFileType = sourcecode.swift; path = WalletViewController.swift; sourceTree = "<group>"; };
		2D27FEFF21CF61890003FBF7 /* SettingsViewController.swift */ = {isa = PBXFileReference; fileEncoding = 4; lastKnownFileType = sourcecode.swift; path = SettingsViewController.swift; sourceTree = "<group>"; };
		2D27FF0121CF61890003FBF7 /* RedeemCategoryViewController.swift */ = {isa = PBXFileReference; fileEncoding = 4; lastKnownFileType = sourcecode.swift; path = RedeemCategoryViewController.swift; sourceTree = "<group>"; };
		2D27FF0921CF619A0003FBF7 /* DistanceCalculator.swift */ = {isa = PBXFileReference; fileEncoding = 4; lastKnownFileType = sourcecode.swift; path = DistanceCalculator.swift; sourceTree = "<group>"; };
		2D27FF0A21CF619A0003FBF7 /* LocationsModel.swift */ = {isa = PBXFileReference; fileEncoding = 4; lastKnownFileType = sourcecode.swift; path = LocationsModel.swift; sourceTree = "<group>"; };
		2D27FF0B21CF619B0003FBF7 /* Points.swift */ = {isa = PBXFileReference; fileEncoding = 4; lastKnownFileType = sourcecode.swift; path = Points.swift; sourceTree = "<group>"; };
		2D27FF0C21CF619B0003FBF7 /* Offer.swift */ = {isa = PBXFileReference; fileEncoding = 4; lastKnownFileType = sourcecode.swift; path = Offer.swift; sourceTree = "<group>"; };
		2D27FF0D21CF619B0003FBF7 /* Wallet.swift */ = {isa = PBXFileReference; fileEncoding = 4; lastKnownFileType = sourcecode.swift; path = Wallet.swift; sourceTree = "<group>"; };
		2D27FF1321CF61A40003FBF7 /* AppDelegate.swift */ = {isa = PBXFileReference; fileEncoding = 4; lastKnownFileType = sourcecode.swift; name = AppDelegate.swift; path = "../../../Documents/App - Fitness Points/FitnessPoints/FitnessPoints/AppDelegate.swift"; sourceTree = "<group>"; };
		2D2FE81F21D081580051977B /* GoogleService-Info.plist */ = {isa = PBXFileReference; fileEncoding = 4; lastKnownFileType = text.plist.xml; path = "GoogleService-Info.plist"; sourceTree = "<group>"; };
		2D50C74921CF640A00157F35 /* Info.plist */ = {isa = PBXFileReference; fileEncoding = 4; lastKnownFileType = text.plist.xml; path = Info.plist; sourceTree = "<group>"; };
		2D6970E721D002E6007352AA /* WorkoutViewController.swift */ = {isa = PBXFileReference; lastKnownFileType = sourcecode.swift; path = WorkoutViewController.swift; sourceTree = "<group>"; };
		2D6970E921D05A39007352AA /* OfferCategory.swift */ = {isa = PBXFileReference; lastKnownFileType = sourcecode.swift; path = OfferCategory.swift; sourceTree = "<group>"; };
		2D6970EB21D05D29007352AA /* RedeemCompanyViewController.swift */ = {isa = PBXFileReference; lastKnownFileType = sourcecode.swift; path = RedeemCompanyViewController.swift; sourceTree = "<group>"; };
		2D6970ED21D05D3C007352AA /* OfferCompany.swift */ = {isa = PBXFileReference; lastKnownFileType = sourcecode.swift; path = OfferCompany.swift; sourceTree = "<group>"; };
		2D6970F221D06A28007352AA /* RedeemOfferViewController.swift */ = {isa = PBXFileReference; lastKnownFileType = sourcecode.swift; path = RedeemOfferViewController.swift; sourceTree = "<group>"; };
		2DDFB79921CF5E54005F19E6 /* Fitcash.app */ = {isa = PBXFileReference; explicitFileType = wrapper.application; includeInIndex = 0; path = Fitcash.app; sourceTree = BUILT_PRODUCTS_DIR; };
		2DDFB7A321CF5E56005F19E6 /* Assets.xcassets */ = {isa = PBXFileReference; lastKnownFileType = folder.assetcatalog; path = Assets.xcassets; sourceTree = "<group>"; };
		2DDFB7A621CF5E56005F19E6 /* Base */ = {isa = PBXFileReference; lastKnownFileType = file.storyboard; name = Base; path = Base.lproj/LaunchScreen.storyboard; sourceTree = "<group>"; };
		2DDFB7AD21CF5E56005F19E6 /* FitcashTests.xctest */ = {isa = PBXFileReference; explicitFileType = wrapper.cfbundle; includeInIndex = 0; path = FitcashTests.xctest; sourceTree = BUILT_PRODUCTS_DIR; };
		2DDFB7B121CF5E56005F19E6 /* FitcashTests.swift */ = {isa = PBXFileReference; lastKnownFileType = sourcecode.swift; path = FitcashTests.swift; sourceTree = "<group>"; };
		2DDFB7B321CF5E56005F19E6 /* Info.plist */ = {isa = PBXFileReference; lastKnownFileType = text.plist.xml; path = Info.plist; sourceTree = "<group>"; };
		2DDFB7B821CF5E56005F19E6 /* FitcashUITests.xctest */ = {isa = PBXFileReference; explicitFileType = wrapper.cfbundle; includeInIndex = 0; path = FitcashUITests.xctest; sourceTree = BUILT_PRODUCTS_DIR; };
		2DDFB7BC21CF5E56005F19E6 /* FitcashUITests.swift */ = {isa = PBXFileReference; lastKnownFileType = sourcecode.swift; path = FitcashUITests.swift; sourceTree = "<group>"; };
		2DDFB7BE21CF5E56005F19E6 /* Info.plist */ = {isa = PBXFileReference; lastKnownFileType = text.plist.xml; path = Info.plist; sourceTree = "<group>"; };
		2DDFB7CA21CF5E75005F19E6 /* Fitcash.entitlements */ = {isa = PBXFileReference; lastKnownFileType = text.plist.entitlements; path = Fitcash.entitlements; sourceTree = "<group>"; };
		2DDFB7D121CF5FA6005F19E6 /* Main.storyboard */ = {isa = PBXFileReference; fileEncoding = 4; lastKnownFileType = file.storyboard; path = Main.storyboard; sourceTree = "<group>"; };
		65190FF0C3964A9DBBE1398C /* Pods-FitcashUITests.release.xcconfig */ = {isa = PBXFileReference; includeInIndex = 1; lastKnownFileType = text.xcconfig; name = "Pods-FitcashUITests.release.xcconfig"; path = "Pods/Target Support Files/Pods-FitcashUITests/Pods-FitcashUITests.release.xcconfig"; sourceTree = "<group>"; };
		911CE41C57475043FF4D5E31 /* Pods_FitcashUITests.framework */ = {isa = PBXFileReference; explicitFileType = wrapper.framework; includeInIndex = 0; path = Pods_FitcashUITests.framework; sourceTree = BUILT_PRODUCTS_DIR; };
		B1380A91482CEC6471DD6B80 /* Pods-Fitcash.release.xcconfig */ = {isa = PBXFileReference; includeInIndex = 1; lastKnownFileType = text.xcconfig; name = "Pods-Fitcash.release.xcconfig"; path = "Pods/Target Support Files/Pods-Fitcash/Pods-Fitcash.release.xcconfig"; sourceTree = "<group>"; };
		CAEB7670486FECCF6CAE6095 /* Pods_FitcashTests.framework */ = {isa = PBXFileReference; explicitFileType = wrapper.framework; includeInIndex = 0; path = Pods_FitcashTests.framework; sourceTree = BUILT_PRODUCTS_DIR; };
		DD427F4D0F131333E7CE2228 /* Pods-FitcashTests.release.xcconfig */ = {isa = PBXFileReference; includeInIndex = 1; lastKnownFileType = text.xcconfig; name = "Pods-FitcashTests.release.xcconfig"; path = "Pods/Target Support Files/Pods-FitcashTests/Pods-FitcashTests.release.xcconfig"; sourceTree = "<group>"; };
/* End PBXFileReference section */

/* Begin PBXFrameworksBuildPhase section */
		2DDFB79621CF5E54005F19E6 /* Frameworks */ = {
			isa = PBXFrameworksBuildPhase;
			buildActionMask = 2147483647;
			files = (
				B21FB4457B89AA0B45B6CC5B /* Pods_Fitcash.framework in Frameworks */,
			);
			runOnlyForDeploymentPostprocessing = 0;
		};
		2DDFB7AA21CF5E56005F19E6 /* Frameworks */ = {
			isa = PBXFrameworksBuildPhase;
			buildActionMask = 2147483647;
			files = (
				C98C0FEAE25EB678B9E14865 /* Pods_FitcashTests.framework in Frameworks */,
			);
			runOnlyForDeploymentPostprocessing = 0;
		};
		2DDFB7B521CF5E56005F19E6 /* Frameworks */ = {
			isa = PBXFrameworksBuildPhase;
			buildActionMask = 2147483647;
			files = (
				3B09A37BF42219E4862F1F55 /* Pods_FitcashUITests.framework in Frameworks */,
			);
			runOnlyForDeploymentPostprocessing = 0;
		};
/* End PBXFrameworksBuildPhase section */

/* Begin PBXGroup section */
		1A401CCB612045DA6D8FCEA9 /* Frameworks */ = {
			isa = PBXGroup;
			children = (
				037BFF367A01C5FDEF39C11F /* Pods_Fitcash.framework */,
				CAEB7670486FECCF6CAE6095 /* Pods_FitcashTests.framework */,
				911CE41C57475043FF4D5E31 /* Pods_FitcashUITests.framework */,
			);
			name = Frameworks;
			sourceTree = "<group>";
		};
		2D68775821CFFFC2005BC081 /* Views */ = {
			isa = PBXGroup;
			children = (
				2DDFB7D121CF5FA6005F19E6 /* Main.storyboard */,
				2DDFB7A521CF5E56005F19E6 /* LaunchScreen.storyboard */,
			);
			path = Views;
			sourceTree = "<group>";
		};
		2D68775921CFFFCB005BC081 /* Controllers */ = {
			isa = PBXGroup;
			children = (
				2D6970F121D05D7A007352AA /* Redeem */,
				2D6970F021D05D6A007352AA /* Login and Register */,
				2D27FEFF21CF61890003FBF7 /* SettingsViewController.swift */,
				2D6970E721D002E6007352AA /* WorkoutViewController.swift */,
				2D27FEFE21CF61890003FBF7 /* WalletViewController.swift */,
			);
			path = Controllers;
			sourceTree = "<group>";
		};
		2D68775A21CFFFEE005BC081 /* Data Models and Utilities */ = {
			isa = PBXGroup;
			children = (
				2D6970EF21D05D58007352AA /* Offers */,
				2D27FF0921CF619A0003FBF7 /* DistanceCalculator.swift */,
				2D27FF0A21CF619A0003FBF7 /* LocationsModel.swift */,
				2D27FF0B21CF619B0003FBF7 /* Points.swift */,
				2D27FF0D21CF619B0003FBF7 /* Wallet.swift */,
			);
			path = "Data Models and Utilities";
			sourceTree = "<group>";
		};
		2D6970EF21D05D58007352AA /* Offers */ = {
			isa = PBXGroup;
			children = (
				2D6970E921D05A39007352AA /* OfferCategory.swift */,
				2D6970ED21D05D3C007352AA /* OfferCompany.swift */,
				2D27FF0C21CF619B0003FBF7 /* Offer.swift */,
			);
			path = Offers;
			sourceTree = "<group>";
		};
		2D6970F021D05D6A007352AA /* Login and Register */ = {
			isa = PBXGroup;
			children = (
				2D27FEFB21CF61880003FBF7 /* WelcomeViewController.swift */,
				2D27FEFD21CF61890003FBF7 /* LogInViewController.swift */,
				2D27FEFC21CF61880003FBF7 /* RegisterViewController.swift */,
			);
			path = "Login and Register";
			sourceTree = "<group>";
		};
		2D6970F121D05D7A007352AA /* Redeem */ = {
			isa = PBXGroup;
			children = (
				2D27FF0121CF61890003FBF7 /* RedeemCategoryViewController.swift */,
				2D6970EB21D05D29007352AA /* RedeemCompanyViewController.swift */,
				2D6970F221D06A28007352AA /* RedeemOfferViewController.swift */,
			);
			path = Redeem;
			sourceTree = "<group>";
		};
		2DDFB79021CF5E54005F19E6 = {
			isa = PBXGroup;
			children = (
				2DDFB79B21CF5E54005F19E6 /* Fitcash */,
				2DDFB7B021CF5E56005F19E6 /* FitcashTests */,
				2DDFB7BB21CF5E56005F19E6 /* FitcashUITests */,
				2DDFB79A21CF5E54005F19E6 /* Products */,
				D1A87406E147100BA3129CE6 /* Pods */,
				1A401CCB612045DA6D8FCEA9 /* Frameworks */,
			);
			sourceTree = "<group>";
		};
		2DDFB79A21CF5E54005F19E6 /* Products */ = {
			isa = PBXGroup;
			children = (
				2DDFB79921CF5E54005F19E6 /* Fitcash.app */,
				2DDFB7AD21CF5E56005F19E6 /* FitcashTests.xctest */,
				2DDFB7B821CF5E56005F19E6 /* FitcashUITests.xctest */,
			);
			name = Products;
			sourceTree = "<group>";
		};
		2DDFB79B21CF5E54005F19E6 /* Fitcash */ = {
			isa = PBXGroup;
			children = (
				2DDFB7CA21CF5E75005F19E6 /* Fitcash.entitlements */,
				2D27FF1321CF61A40003FBF7 /* AppDelegate.swift */,
				2D68775821CFFFC2005BC081 /* Views */,
				2D68775921CFFFCB005BC081 /* Controllers */,
				2D68775A21CFFFEE005BC081 /* Data Models and Utilities */,
				2DDFB7A321CF5E56005F19E6 /* Assets.xcassets */,
				2D50C74921CF640A00157F35 /* Info.plist */,
				2D2FE81F21D081580051977B /* GoogleService-Info.plist */,
			);
			path = Fitcash;
			sourceTree = "<group>";
		};
		2DDFB7B021CF5E56005F19E6 /* FitcashTests */ = {
			isa = PBXGroup;
			children = (
				2DDFB7B121CF5E56005F19E6 /* FitcashTests.swift */,
				2DDFB7B321CF5E56005F19E6 /* Info.plist */,
			);
			path = FitcashTests;
			sourceTree = "<group>";
		};
		2DDFB7BB21CF5E56005F19E6 /* FitcashUITests */ = {
			isa = PBXGroup;
			children = (
				2DDFB7BC21CF5E56005F19E6 /* FitcashUITests.swift */,
				2DDFB7BE21CF5E56005F19E6 /* Info.plist */,
			);
			path = FitcashUITests;
			sourceTree = "<group>";
		};
		D1A87406E147100BA3129CE6 /* Pods */ = {
			isa = PBXGroup;
			children = (
				09F626E42D9E33B3FAC7B798 /* Pods-Fitcash.debug.xcconfig */,
				B1380A91482CEC6471DD6B80 /* Pods-Fitcash.release.xcconfig */,
				24C6DD863EC1202D443F9A80 /* Pods-FitcashTests.debug.xcconfig */,
				DD427F4D0F131333E7CE2228 /* Pods-FitcashTests.release.xcconfig */,
				0EFE6B6A2062A482AAF1E69C /* Pods-FitcashUITests.debug.xcconfig */,
				65190FF0C3964A9DBBE1398C /* Pods-FitcashUITests.release.xcconfig */,
			);
			name = Pods;
			sourceTree = "<group>";
		};
/* End PBXGroup section */

/* Begin PBXNativeTarget section */
		2DDFB79821CF5E54005F19E6 /* Fitcash */ = {
			isa = PBXNativeTarget;
			buildConfigurationList = 2DDFB7C121CF5E56005F19E6 /* Build configuration list for PBXNativeTarget "Fitcash" */;
			buildPhases = (
				48C23106D2FE0F6BE7489B2A /* [CP] Check Pods Manifest.lock */,
				2DDFB79521CF5E54005F19E6 /* Sources */,
				2DDFB79621CF5E54005F19E6 /* Frameworks */,
				2DDFB79721CF5E54005F19E6 /* Resources */,
				98DE23974D1B044510A704B3 /* [CP] Embed Pods Frameworks */,
			);
			buildRules = (
			);
			dependencies = (
			);
			name = Fitcash;
			productName = Fitcash;
			productReference = 2DDFB79921CF5E54005F19E6 /* Fitcash.app */;
			productType = "com.apple.product-type.application";
		};
		2DDFB7AC21CF5E56005F19E6 /* FitcashTests */ = {
			isa = PBXNativeTarget;
			buildConfigurationList = 2DDFB7C421CF5E56005F19E6 /* Build configuration list for PBXNativeTarget "FitcashTests" */;
			buildPhases = (
				73D3AA21C793FABA7052C3E0 /* [CP] Check Pods Manifest.lock */,
				2DDFB7A921CF5E56005F19E6 /* Sources */,
				2DDFB7AA21CF5E56005F19E6 /* Frameworks */,
				2DDFB7AB21CF5E56005F19E6 /* Resources */,
			);
			buildRules = (
			);
			dependencies = (
				2DDFB7AF21CF5E56005F19E6 /* PBXTargetDependency */,
			);
			name = FitcashTests;
			productName = FitcashTests;
			productReference = 2DDFB7AD21CF5E56005F19E6 /* FitcashTests.xctest */;
			productType = "com.apple.product-type.bundle.unit-test";
		};
		2DDFB7B721CF5E56005F19E6 /* FitcashUITests */ = {
			isa = PBXNativeTarget;
			buildConfigurationList = 2DDFB7C721CF5E56005F19E6 /* Build configuration list for PBXNativeTarget "FitcashUITests" */;
			buildPhases = (
				4C912EDD19AA041BE22E429D /* [CP] Check Pods Manifest.lock */,
				2DDFB7B421CF5E56005F19E6 /* Sources */,
				2DDFB7B521CF5E56005F19E6 /* Frameworks */,
				2DDFB7B621CF5E56005F19E6 /* Resources */,
			);
			buildRules = (
			);
			dependencies = (
				2DDFB7BA21CF5E56005F19E6 /* PBXTargetDependency */,
			);
			name = FitcashUITests;
			productName = FitcashUITests;
			productReference = 2DDFB7B821CF5E56005F19E6 /* FitcashUITests.xctest */;
			productType = "com.apple.product-type.bundle.ui-testing";
		};
/* End PBXNativeTarget section */

/* Begin PBXProject section */
		2DDFB79121CF5E54005F19E6 /* Project object */ = {
			isa = PBXProject;
			attributes = {
				LastSwiftUpdateCheck = 1010;
				LastUpgradeCheck = 1010;
				ORGANIZATIONNAME = "Paul Dickey";
				TargetAttributes = {
					2DDFB79821CF5E54005F19E6 = {
						CreatedOnToolsVersion = 10.1;
						SystemCapabilities = {
							com.apple.BackgroundModes = {
								enabled = 1;
							};
							com.apple.Push = {
								enabled = 1;
							};
						};
					};
					2DDFB7AC21CF5E56005F19E6 = {
						CreatedOnToolsVersion = 10.1;
						TestTargetID = 2DDFB79821CF5E54005F19E6;
					};
					2DDFB7B721CF5E56005F19E6 = {
						CreatedOnToolsVersion = 10.1;
						TestTargetID = 2DDFB79821CF5E54005F19E6;
					};
				};
			};
			buildConfigurationList = 2DDFB79421CF5E54005F19E6 /* Build configuration list for PBXProject "Fitcash" */;
			compatibilityVersion = "Xcode 9.3";
			developmentRegion = en;
			hasScannedForEncodings = 0;
			knownRegions = (
				en,
				Base,
			);
			mainGroup = 2DDFB79021CF5E54005F19E6;
			productRefGroup = 2DDFB79A21CF5E54005F19E6 /* Products */;
			projectDirPath = "";
			projectRoot = "";
			targets = (
				2DDFB79821CF5E54005F19E6 /* Fitcash */,
				2DDFB7AC21CF5E56005F19E6 /* FitcashTests */,
				2DDFB7B721CF5E56005F19E6 /* FitcashUITests */,
			);
		};
/* End PBXProject section */

/* Begin PBXResourcesBuildPhase section */
		2DDFB79721CF5E54005F19E6 /* Resources */ = {
			isa = PBXResourcesBuildPhase;
			buildActionMask = 2147483647;
			files = (
				2DDFB7A721CF5E56005F19E6 /* LaunchScreen.storyboard in Resources */,
				2D2FE82021D081590051977B /* GoogleService-Info.plist in Resources */,
				2DDFB7A421CF5E56005F19E6 /* Assets.xcassets in Resources */,
				2DDFB7D221CF5FA6005F19E6 /* Main.storyboard in Resources */,
			);
			runOnlyForDeploymentPostprocessing = 0;
		};
		2DDFB7AB21CF5E56005F19E6 /* Resources */ = {
			isa = PBXResourcesBuildPhase;
			buildActionMask = 2147483647;
			files = (
			);
			runOnlyForDeploymentPostprocessing = 0;
		};
		2DDFB7B621CF5E56005F19E6 /* Resources */ = {
			isa = PBXResourcesBuildPhase;
			buildActionMask = 2147483647;
			files = (
			);
			runOnlyForDeploymentPostprocessing = 0;
		};
/* End PBXResourcesBuildPhase section */

/* Begin PBXShellScriptBuildPhase section */
		48C23106D2FE0F6BE7489B2A /* [CP] Check Pods Manifest.lock */ = {
			isa = PBXShellScriptBuildPhase;
			buildActionMask = 2147483647;
			files = (
			);
			inputFileListPaths = (
			);
			inputPaths = (
				"${PODS_PODFILE_DIR_PATH}/Podfile.lock",
				"${PODS_ROOT}/Manifest.lock",
			);
			name = "[CP] Check Pods Manifest.lock";
			outputFileListPaths = (
			);
			outputPaths = (
				"$(DERIVED_FILE_DIR)/Pods-Fitcash-checkManifestLockResult.txt",
			);
			runOnlyForDeploymentPostprocessing = 0;
			shellPath = /bin/sh;
			shellScript = "diff \"${PODS_PODFILE_DIR_PATH}/Podfile.lock\" \"${PODS_ROOT}/Manifest.lock\" > /dev/null\nif [ $? != 0 ] ; then\n    # print error to STDERR\n    echo \"error: The sandbox is not in sync with the Podfile.lock. Run 'pod install' or update your CocoaPods installation.\" >&2\n    exit 1\nfi\n# This output is used by Xcode 'outputs' to avoid re-running this script phase.\necho \"SUCCESS\" > \"${SCRIPT_OUTPUT_FILE_0}\"\n";
			showEnvVarsInLog = 0;
		};
		4C912EDD19AA041BE22E429D /* [CP] Check Pods Manifest.lock */ = {
			isa = PBXShellScriptBuildPhase;
			buildActionMask = 2147483647;
			files = (
			);
			inputFileListPaths = (
			);
			inputPaths = (
				"${PODS_PODFILE_DIR_PATH}/Podfile.lock",
				"${PODS_ROOT}/Manifest.lock",
			);
			name = "[CP] Check Pods Manifest.lock";
			outputFileListPaths = (
			);
			outputPaths = (
				"$(DERIVED_FILE_DIR)/Pods-FitcashUITests-checkManifestLockResult.txt",
			);
			runOnlyForDeploymentPostprocessing = 0;
			shellPath = /bin/sh;
			shellScript = "diff \"${PODS_PODFILE_DIR_PATH}/Podfile.lock\" \"${PODS_ROOT}/Manifest.lock\" > /dev/null\nif [ $? != 0 ] ; then\n    # print error to STDERR\n    echo \"error: The sandbox is not in sync with the Podfile.lock. Run 'pod install' or update your CocoaPods installation.\" >&2\n    exit 1\nfi\n# This output is used by Xcode 'outputs' to avoid re-running this script phase.\necho \"SUCCESS\" > \"${SCRIPT_OUTPUT_FILE_0}\"\n";
			showEnvVarsInLog = 0;
		};
		73D3AA21C793FABA7052C3E0 /* [CP] Check Pods Manifest.lock */ = {
			isa = PBXShellScriptBuildPhase;
			buildActionMask = 2147483647;
			files = (
			);
			inputFileListPaths = (
			);
			inputPaths = (
				"${PODS_PODFILE_DIR_PATH}/Podfile.lock",
				"${PODS_ROOT}/Manifest.lock",
			);
			name = "[CP] Check Pods Manifest.lock";
			outputFileListPaths = (
			);
			outputPaths = (
				"$(DERIVED_FILE_DIR)/Pods-FitcashTests-checkManifestLockResult.txt",
			);
			runOnlyForDeploymentPostprocessing = 0;
			shellPath = /bin/sh;
			shellScript = "diff \"${PODS_PODFILE_DIR_PATH}/Podfile.lock\" \"${PODS_ROOT}/Manifest.lock\" > /dev/null\nif [ $? != 0 ] ; then\n    # print error to STDERR\n    echo \"error: The sandbox is not in sync with the Podfile.lock. Run 'pod install' or update your CocoaPods installation.\" >&2\n    exit 1\nfi\n# This output is used by Xcode 'outputs' to avoid re-running this script phase.\necho \"SUCCESS\" > \"${SCRIPT_OUTPUT_FILE_0}\"\n";
			showEnvVarsInLog = 0;
		};
		98DE23974D1B044510A704B3 /* [CP] Embed Pods Frameworks */ = {
			isa = PBXShellScriptBuildPhase;
			buildActionMask = 2147483647;
			files = (
			);
			inputFileListPaths = (
			);
			inputPaths = (
				"${SRCROOT}/Pods/Target Support Files/Pods-Fitcash/Pods-Fitcash-frameworks.sh",
				"${BUILT_PRODUCTS_DIR}/GTMSessionFetcher/GTMSessionFetcher.framework",
				"${BUILT_PRODUCTS_DIR}/GoogleUtilities/GoogleUtilities.framework",
				"${BUILT_PRODUCTS_DIR}/SVProgressHUD/SVProgressHUD.framework",
				"${BUILT_PRODUCTS_DIR}/leveldb-library/leveldb.framework",
				"${BUILT_PRODUCTS_DIR}/nanopb/nanopb.framework",
			);
			name = "[CP] Embed Pods Frameworks";
			outputFileListPaths = (
			);
			outputPaths = (
				"${TARGET_BUILD_DIR}/${FRAMEWORKS_FOLDER_PATH}/GTMSessionFetcher.framework",
				"${TARGET_BUILD_DIR}/${FRAMEWORKS_FOLDER_PATH}/GoogleUtilities.framework",
				"${TARGET_BUILD_DIR}/${FRAMEWORKS_FOLDER_PATH}/SVProgressHUD.framework",
				"${TARGET_BUILD_DIR}/${FRAMEWORKS_FOLDER_PATH}/leveldb.framework",
				"${TARGET_BUILD_DIR}/${FRAMEWORKS_FOLDER_PATH}/nanopb.framework",
			);
			runOnlyForDeploymentPostprocessing = 0;
			shellPath = /bin/sh;
			shellScript = "\"${SRCROOT}/Pods/Target Support Files/Pods-Fitcash/Pods-Fitcash-frameworks.sh\"\n";
			showEnvVarsInLog = 0;
		};
/* End PBXShellScriptBuildPhase section */

/* Begin PBXSourcesBuildPhase section */
		2DDFB79521CF5E54005F19E6 /* Sources */ = {
			isa = PBXSourcesBuildPhase;
			buildActionMask = 2147483647;
			files = (
				2D6970EC21D05D29007352AA /* RedeemCompanyViewController.swift in Sources */,
				2D27FF1221CF619B0003FBF7 /* Wallet.swift in Sources */,
				2D6970E821D002E6007352AA /* WorkoutViewController.swift in Sources */,
				2D27FF1121CF619B0003FBF7 /* Offer.swift in Sources */,
				2D27FF0F21CF619B0003FBF7 /* LocationsModel.swift in Sources */,
				2D27FF0221CF61890003FBF7 /* WelcomeViewController.swift in Sources */,
				2D6970EE21D05D3C007352AA /* OfferCompany.swift in Sources */,
				2D27FF1421CF61A40003FBF7 /* AppDelegate.swift in Sources */,
				2D6970EA21D05A39007352AA /* OfferCategory.swift in Sources */,
				2D27FF0621CF61890003FBF7 /* SettingsViewController.swift in Sources */,
				2D27FF0E21CF619B0003FBF7 /* DistanceCalculator.swift in Sources */,
				2D27FF0821CF61890003FBF7 /* RedeemCategoryViewController.swift in Sources */,
				2D27FF1021CF619B0003FBF7 /* Points.swift in Sources */,
				2D27FF0421CF61890003FBF7 /* LogInViewController.swift in Sources */,
				2D6970F321D06A28007352AA /* RedeemOfferViewController.swift in Sources */,
				2D27FF0321CF61890003FBF7 /* RegisterViewController.swift in Sources */,
				2D27FF0521CF61890003FBF7 /* WalletViewController.swift in Sources */,
			);
			runOnlyForDeploymentPostprocessing = 0;
		};
		2DDFB7A921CF5E56005F19E6 /* Sources */ = {
			isa = PBXSourcesBuildPhase;
			buildActionMask = 2147483647;
			files = (
				2DDFB7B221CF5E56005F19E6 /* FitcashTests.swift in Sources */,
			);
			runOnlyForDeploymentPostprocessing = 0;
		};
		2DDFB7B421CF5E56005F19E6 /* Sources */ = {
			isa = PBXSourcesBuildPhase;
			buildActionMask = 2147483647;
			files = (
				2DDFB7BD21CF5E56005F19E6 /* FitcashUITests.swift in Sources */,
			);
			runOnlyForDeploymentPostprocessing = 0;
		};
/* End PBXSourcesBuildPhase section */

/* Begin PBXTargetDependency section */
		2DDFB7AF21CF5E56005F19E6 /* PBXTargetDependency */ = {
			isa = PBXTargetDependency;
			target = 2DDFB79821CF5E54005F19E6 /* Fitcash */;
			targetProxy = 2DDFB7AE21CF5E56005F19E6 /* PBXContainerItemProxy */;
		};
		2DDFB7BA21CF5E56005F19E6 /* PBXTargetDependency */ = {
			isa = PBXTargetDependency;
			target = 2DDFB79821CF5E54005F19E6 /* Fitcash */;
			targetProxy = 2DDFB7B921CF5E56005F19E6 /* PBXContainerItemProxy */;
		};
/* End PBXTargetDependency section */

/* Begin PBXVariantGroup section */
		2DDFB7A521CF5E56005F19E6 /* LaunchScreen.storyboard */ = {
			isa = PBXVariantGroup;
			children = (
				2DDFB7A621CF5E56005F19E6 /* Base */,
			);
			name = LaunchScreen.storyboard;
			sourceTree = "<group>";
		};
/* End PBXVariantGroup section */

/* Begin XCBuildConfiguration section */
		2DDFB7BF21CF5E56005F19E6 /* Debug */ = {
			isa = XCBuildConfiguration;
			buildSettings = {
				ALWAYS_SEARCH_USER_PATHS = NO;
				CLANG_ANALYZER_NONNULL = YES;
				CLANG_ANALYZER_NUMBER_OBJECT_CONVERSION = YES_AGGRESSIVE;
				CLANG_CXX_LANGUAGE_STANDARD = "gnu++14";
				CLANG_CXX_LIBRARY = "libc++";
				CLANG_ENABLE_MODULES = YES;
				CLANG_ENABLE_OBJC_ARC = YES;
				CLANG_ENABLE_OBJC_WEAK = YES;
				CLANG_WARN_BLOCK_CAPTURE_AUTORELEASING = YES;
				CLANG_WARN_BOOL_CONVERSION = YES;
				CLANG_WARN_COMMA = YES;
				CLANG_WARN_CONSTANT_CONVERSION = YES;
				CLANG_WARN_DEPRECATED_OBJC_IMPLEMENTATIONS = YES;
				CLANG_WARN_DIRECT_OBJC_ISA_USAGE = YES_ERROR;
				CLANG_WARN_DOCUMENTATION_COMMENTS = YES;
				CLANG_WARN_EMPTY_BODY = YES;
				CLANG_WARN_ENUM_CONVERSION = YES;
				CLANG_WARN_INFINITE_RECURSION = YES;
				CLANG_WARN_INT_CONVERSION = YES;
				CLANG_WARN_NON_LITERAL_NULL_CONVERSION = YES;
				CLANG_WARN_OBJC_IMPLICIT_RETAIN_SELF = YES;
				CLANG_WARN_OBJC_LITERAL_CONVERSION = YES;
				CLANG_WARN_OBJC_ROOT_CLASS = YES_ERROR;
				CLANG_WARN_RANGE_LOOP_ANALYSIS = YES;
				CLANG_WARN_STRICT_PROTOTYPES = YES;
				CLANG_WARN_SUSPICIOUS_MOVE = YES;
				CLANG_WARN_UNGUARDED_AVAILABILITY = YES_AGGRESSIVE;
				CLANG_WARN_UNREACHABLE_CODE = YES;
				CLANG_WARN__DUPLICATE_METHOD_MATCH = YES;
				CODE_SIGN_IDENTITY = "iPhone Developer";
				COPY_PHASE_STRIP = NO;
				DEBUG_INFORMATION_FORMAT = dwarf;
				ENABLE_STRICT_OBJC_MSGSEND = YES;
				ENABLE_TESTABILITY = YES;
				GCC_C_LANGUAGE_STANDARD = gnu11;
				GCC_DYNAMIC_NO_PIC = NO;
				GCC_NO_COMMON_BLOCKS = YES;
				GCC_OPTIMIZATION_LEVEL = 0;
				GCC_PREPROCESSOR_DEFINITIONS = (
					"DEBUG=1",
					"$(inherited)",
				);
				GCC_WARN_64_TO_32_BIT_CONVERSION = YES;
				GCC_WARN_ABOUT_RETURN_TYPE = YES_ERROR;
				GCC_WARN_UNDECLARED_SELECTOR = YES;
				GCC_WARN_UNINITIALIZED_AUTOS = YES_AGGRESSIVE;
				GCC_WARN_UNUSED_FUNCTION = YES;
				GCC_WARN_UNUSED_VARIABLE = YES;
				IPHONEOS_DEPLOYMENT_TARGET = 12.1;
				MTL_ENABLE_DEBUG_INFO = INCLUDE_SOURCE;
				MTL_FAST_MATH = YES;
				ONLY_ACTIVE_ARCH = YES;
				SDKROOT = iphoneos;
				SWIFT_ACTIVE_COMPILATION_CONDITIONS = DEBUG;
				SWIFT_OPTIMIZATION_LEVEL = "-Onone";
			};
			name = Debug;
		};
		2DDFB7C021CF5E56005F19E6 /* Release */ = {
			isa = XCBuildConfiguration;
			buildSettings = {
				ALWAYS_SEARCH_USER_PATHS = NO;
				CLANG_ANALYZER_NONNULL = YES;
				CLANG_ANALYZER_NUMBER_OBJECT_CONVERSION = YES_AGGRESSIVE;
				CLANG_CXX_LANGUAGE_STANDARD = "gnu++14";
				CLANG_CXX_LIBRARY = "libc++";
				CLANG_ENABLE_MODULES = YES;
				CLANG_ENABLE_OBJC_ARC = YES;
				CLANG_ENABLE_OBJC_WEAK = YES;
				CLANG_WARN_BLOCK_CAPTURE_AUTORELEASING = YES;
				CLANG_WARN_BOOL_CONVERSION = YES;
				CLANG_WARN_COMMA = YES;
				CLANG_WARN_CONSTANT_CONVERSION = YES;
				CLANG_WARN_DEPRECATED_OBJC_IMPLEMENTATIONS = YES;
				CLANG_WARN_DIRECT_OBJC_ISA_USAGE = YES_ERROR;
				CLANG_WARN_DOCUMENTATION_COMMENTS = YES;
				CLANG_WARN_EMPTY_BODY = YES;
				CLANG_WARN_ENUM_CONVERSION = YES;
				CLANG_WARN_INFINITE_RECURSION = YES;
				CLANG_WARN_INT_CONVERSION = YES;
				CLANG_WARN_NON_LITERAL_NULL_CONVERSION = YES;
				CLANG_WARN_OBJC_IMPLICIT_RETAIN_SELF = YES;
				CLANG_WARN_OBJC_LITERAL_CONVERSION = YES;
				CLANG_WARN_OBJC_ROOT_CLASS = YES_ERROR;
				CLANG_WARN_RANGE_LOOP_ANALYSIS = YES;
				CLANG_WARN_STRICT_PROTOTYPES = YES;
				CLANG_WARN_SUSPICIOUS_MOVE = YES;
				CLANG_WARN_UNGUARDED_AVAILABILITY = YES_AGGRESSIVE;
				CLANG_WARN_UNREACHABLE_CODE = YES;
				CLANG_WARN__DUPLICATE_METHOD_MATCH = YES;
				CODE_SIGN_IDENTITY = "iPhone Developer";
				COPY_PHASE_STRIP = NO;
				DEBUG_INFORMATION_FORMAT = "dwarf-with-dsym";
				ENABLE_NS_ASSERTIONS = NO;
				ENABLE_STRICT_OBJC_MSGSEND = YES;
				GCC_C_LANGUAGE_STANDARD = gnu11;
				GCC_NO_COMMON_BLOCKS = YES;
				GCC_WARN_64_TO_32_BIT_CONVERSION = YES;
				GCC_WARN_ABOUT_RETURN_TYPE = YES_ERROR;
				GCC_WARN_UNDECLARED_SELECTOR = YES;
				GCC_WARN_UNINITIALIZED_AUTOS = YES_AGGRESSIVE;
				GCC_WARN_UNUSED_FUNCTION = YES;
				GCC_WARN_UNUSED_VARIABLE = YES;
				IPHONEOS_DEPLOYMENT_TARGET = 12.1;
				MTL_ENABLE_DEBUG_INFO = NO;
				MTL_FAST_MATH = YES;
				SDKROOT = iphoneos;
				SWIFT_COMPILATION_MODE = wholemodule;
				SWIFT_OPTIMIZATION_LEVEL = "-O";
				VALIDATE_PRODUCT = YES;
			};
			name = Release;
		};
		2DDFB7C221CF5E56005F19E6 /* Debug */ = {
			isa = XCBuildConfiguration;
			baseConfigurationReference = 09F626E42D9E33B3FAC7B798 /* Pods-Fitcash.debug.xcconfig */;
			buildSettings = {
				ASSETCATALOG_COMPILER_APPICON_NAME = AppIcon;
				CODE_SIGN_ENTITLEMENTS = Fitcash/Fitcash.entitlements;
				CODE_SIGN_STYLE = Automatic;
				DEVELOPMENT_TEAM = S6TAY9VTDK;
				INFOPLIST_FILE = Fitcash/Info.plist;
				IPHONEOS_DEPLOYMENT_TARGET = 12.0;
				LD_RUNPATH_SEARCH_PATHS = (
					"$(inherited)",
					"@executable_path/Frameworks",
				);
				PRODUCT_BUNDLE_IDENTIFIER = com.pauldjdickey.Fitcash;
				PRODUCT_NAME = "$(TARGET_NAME)";
				SWIFT_VERSION = 4.2;
				TARGETED_DEVICE_FAMILY = 1;
			};
			name = Debug;
		};
		2DDFB7C321CF5E56005F19E6 /* Release */ = {
			isa = XCBuildConfiguration;
			baseConfigurationReference = B1380A91482CEC6471DD6B80 /* Pods-Fitcash.release.xcconfig */;
			buildSettings = {
				ASSETCATALOG_COMPILER_APPICON_NAME = AppIcon;
				CODE_SIGN_ENTITLEMENTS = Fitcash/Fitcash.entitlements;
				CODE_SIGN_STYLE = Automatic;
				DEVELOPMENT_TEAM = S6TAY9VTDK;
				INFOPLIST_FILE = Fitcash/Info.plist;
				IPHONEOS_DEPLOYMENT_TARGET = 12.0;
				LD_RUNPATH_SEARCH_PATHS = (
					"$(inherited)",
					"@executable_path/Frameworks",
				);
				PRODUCT_BUNDLE_IDENTIFIER = com.pauldjdickey.Fitcash;
				PRODUCT_NAME = "$(TARGET_NAME)";
				SWIFT_VERSION = 4.2;
				TARGETED_DEVICE_FAMILY = 1;
			};
			name = Release;
		};
		2DDFB7C521CF5E56005F19E6 /* Debug */ = {
			isa = XCBuildConfiguration;
			baseConfigurationReference = 24C6DD863EC1202D443F9A80 /* Pods-FitcashTests.debug.xcconfig */;
			buildSettings = {
				ALWAYS_EMBED_SWIFT_STANDARD_LIBRARIES = YES;
				BUNDLE_LOADER = "$(TEST_HOST)";
				CODE_SIGN_STYLE = Automatic;
				DEVELOPMENT_TEAM = S6TAY9VTDK;
				INFOPLIST_FILE = FitcashTests/Info.plist;
				LD_RUNPATH_SEARCH_PATHS = (
					"$(inherited)",
					"@executable_path/Frameworks",
					"@loader_path/Frameworks",
				);
				PRODUCT_BUNDLE_IDENTIFIER = com.pauldjdickey.FitcashTests;
				PRODUCT_NAME = "$(TARGET_NAME)";
				SWIFT_VERSION = 4.2;
				TARGETED_DEVICE_FAMILY = "1,2";
				TEST_HOST = "$(BUILT_PRODUCTS_DIR)/Fitcash.app/Fitcash";
			};
			name = Debug;
		};
		2DDFB7C621CF5E56005F19E6 /* Release */ = {
			isa = XCBuildConfiguration;
			baseConfigurationReference = DD427F4D0F131333E7CE2228 /* Pods-FitcashTests.release.xcconfig */;
			buildSettings = {
				ALWAYS_EMBED_SWIFT_STANDARD_LIBRARIES = YES;
				BUNDLE_LOADER = "$(TEST_HOST)";
				CODE_SIGN_STYLE = Automatic;
				DEVELOPMENT_TEAM = S6TAY9VTDK;
				INFOPLIST_FILE = FitcashTests/Info.plist;
				LD_RUNPATH_SEARCH_PATHS = (
					"$(inherited)",
					"@executable_path/Frameworks",
					"@loader_path/Frameworks",
				);
				PRODUCT_BUNDLE_IDENTIFIER = com.pauldjdickey.FitcashTests;
				PRODUCT_NAME = "$(TARGET_NAME)";
				SWIFT_VERSION = 4.2;
				TARGETED_DEVICE_FAMILY = "1,2";
				TEST_HOST = "$(BUILT_PRODUCTS_DIR)/Fitcash.app/Fitcash";
			};
			name = Release;
		};
		2DDFB7C821CF5E56005F19E6 /* Debug */ = {
			isa = XCBuildConfiguration;
			baseConfigurationReference = 0EFE6B6A2062A482AAF1E69C /* Pods-FitcashUITests.debug.xcconfig */;
			buildSettings = {
				ALWAYS_EMBED_SWIFT_STANDARD_LIBRARIES = YES;
				CODE_SIGN_STYLE = Automatic;
				DEVELOPMENT_TEAM = S6TAY9VTDK;
				INFOPLIST_FILE = FitcashUITests/Info.plist;
				LD_RUNPATH_SEARCH_PATHS = (
					"$(inherited)",
					"@executable_path/Frameworks",
					"@loader_path/Frameworks",
				);
				PRODUCT_BUNDLE_IDENTIFIER = com.pauldjdickey.FitcashUITests;
				PRODUCT_NAME = "$(TARGET_NAME)";
				SWIFT_VERSION = 4.2;
				TARGETED_DEVICE_FAMILY = "1,2";
				TEST_TARGET_NAME = Fitcash;
			};
			name = Debug;
		};
		2DDFB7C921CF5E56005F19E6 /* Release */ = {
			isa = XCBuildConfiguration;
			baseConfigurationReference = 65190FF0C3964A9DBBE1398C /* Pods-FitcashUITests.release.xcconfig */;
			buildSettings = {
				ALWAYS_EMBED_SWIFT_STANDARD_LIBRARIES = YES;
				CODE_SIGN_STYLE = Automatic;
				DEVELOPMENT_TEAM = S6TAY9VTDK;
				INFOPLIST_FILE = FitcashUITests/Info.plist;
				LD_RUNPATH_SEARCH_PATHS = (
					"$(inherited)",
					"@executable_path/Frameworks",
					"@loader_path/Frameworks",
				);
				PRODUCT_BUNDLE_IDENTIFIER = com.pauldjdickey.FitcashUITests;
				PRODUCT_NAME = "$(TARGET_NAME)";
				SWIFT_VERSION = 4.2;
				TARGETED_DEVICE_FAMILY = "1,2";
				TEST_TARGET_NAME = Fitcash;
			};
			name = Release;
		};
/* End XCBuildConfiguration section */

/* Begin XCConfigurationList section */
		2DDFB79421CF5E54005F19E6 /* Build configuration list for PBXProject "Fitcash" */ = {
			isa = XCConfigurationList;
			buildConfigurations = (
				2DDFB7BF21CF5E56005F19E6 /* Debug */,
				2DDFB7C021CF5E56005F19E6 /* Release */,
			);
			defaultConfigurationIsVisible = 0;
			defaultConfigurationName = Release;
		};
		2DDFB7C121CF5E56005F19E6 /* Build configuration list for PBXNativeTarget "Fitcash" */ = {
			isa = XCConfigurationList;
			buildConfigurations = (
				2DDFB7C221CF5E56005F19E6 /* Debug */,
				2DDFB7C321CF5E56005F19E6 /* Release */,
			);
			defaultConfigurationIsVisible = 0;
			defaultConfigurationName = Release;
		};
		2DDFB7C421CF5E56005F19E6 /* Build configuration list for PBXNativeTarget "FitcashTests" */ = {
			isa = XCConfigurationList;
			buildConfigurations = (
				2DDFB7C521CF5E56005F19E6 /* Debug */,
				2DDFB7C621CF5E56005F19E6 /* Release */,
			);
			defaultConfigurationIsVisible = 0;
			defaultConfigurationName = Release;
		};
		2DDFB7C721CF5E56005F19E6 /* Build configuration list for PBXNativeTarget "FitcashUITests" */ = {
			isa = XCConfigurationList;
			buildConfigurations = (
				2DDFB7C821CF5E56005F19E6 /* Debug */,
				2DDFB7C921CF5E56005F19E6 /* Release */,
			);
			defaultConfigurationIsVisible = 0;
			defaultConfigurationName = Release;
		};
/* End XCConfigurationList section */
	};
	rootObject = 2DDFB79121CF5E54005F19E6 /* Project object */;
}
